
Microsoft Visual Studio Solution File, Format Version 12.00
# Visual Studio Version 16
VisualStudioVersion = 16.0.30114.105
MinimumVisualStudioVersion = 10.0.40219.1
Project("{FAE04EC0-301F-11D3-BF4B-00C04F79EFBC}") = "ThuVien", "BT_CNPM_1\ThuVien.csproj", "{31755A5E-3FFC-4AB2-8603-249AF4EAE3D0}"
EndProject
Global
	GlobalSection(SolutionConfigurationPlatforms) = preSolution
		Debug|Any CPU = Debug|Any CPU
		Release|Any CPU = Release|Any CPU
	EndGlobalSection
	GlobalSection(ProjectConfigurationPlatforms) = postSolution
		{31755A5E-3FFC-4AB2-8603-249AF4EAE3D0}.Debug|Any CPU.ActiveCfg = Debug|Any CPU
		{31755A5E-3FFC-4AB2-8603-249AF4EAE3D0}.Debug|Any CPU.Build.0 = Debug|Any CPU
		{31755A5E-3FFC-4AB2-8603-249AF4EAE3D0}.Release|Any CPU.ActiveCfg = Release|Any CPU
		{31755A5E-3FFC-4AB2-8603-249AF4EAE3D0}.Release|Any CPU.Build.0 = Release|Any CPU
	EndGlobalSection
	GlobalSection(SolutionProperties) = preSolution
		HideSolutionNode = FALSE
	EndGlobalSection
	GlobalSection(ExtensibilityGlobals) = postSolution
		SolutionGuid = {36A709E6-07BB-4FF3-AC39-3133E6B64460}
	EndGlobalSection
EndGlobal
